
Microsoft Visual Studio Solution File, Format Version 12.00
# Visual Studio Version 17
VisualStudioVersion = 17.6.33829.357
MinimumVisualStudioVersion = 10.0.40219.1
Project("{9A19103F-16F7-4668-BE54-9A1E7A4F7556}") = "Home-Meters", "Home-Meters\Home-Meters.csproj", "{379C79D0-69F9-4BC7-944D-2DA130CC9A52}"
EndProject
Project("{FAE04EC0-301F-11D3-BF4B-00C04F79EFBC}") = "Home-Meters.Tests", "Home-Meters.Tests\Home-Meters.Tests.csproj", "{AF878F85-E8F8-4530-84B9-A0F100FED689}"
EndProject
Global
	GlobalSection(SolutionConfigurationPlatforms) = preSolution
		Debug|Any CPU = Debug|Any CPU
		Release|Any CPU = Release|Any CPU
	EndGlobalSection
	GlobalSection(ProjectConfigurationPlatforms) = postSolution
		{379C79D0-69F9-4BC7-944D-2DA130CC9A52}.Debug|Any CPU.ActiveCfg = Debug|Any CPU
		{379C79D0-69F9-4BC7-944D-2DA130CC9A52}.Debug|Any CPU.Build.0 = Debug|Any CPU
		{379C79D0-69F9-4BC7-944D-2DA130CC9A52}.Release|Any CPU.ActiveCfg = Release|Any CPU
		{379C79D0-69F9-4BC7-944D-2DA130CC9A52}.Release|Any CPU.Build.0 = Release|Any CPU
		{AF878F85-E8F8-4530-84B9-A0F100FED689}.Debug|Any CPU.ActiveCfg = Debug|Any CPU
		{AF878F85-E8F8-4530-84B9-A0F100FED689}.Debug|Any CPU.Build.0 = Debug|Any CPU
		{AF878F85-E8F8-4530-84B9-A0F100FED689}.Release|Any CPU.ActiveCfg = Release|Any CPU
		{AF878F85-E8F8-4530-84B9-A0F100FED689}.Release|Any CPU.Build.0 = Release|Any CPU
	EndGlobalSection
	GlobalSection(SolutionProperties) = preSolution
		HideSolutionNode = FALSE
	EndGlobalSection
	GlobalSection(ExtensibilityGlobals) = postSolution
		SolutionGuid = {025181E0-1A89-47EE-86EA-5E01EA7BFF69}
	EndGlobalSection
EndGlobal
